
Microsoft Visual Studio Solution File, Format Version 12.00
# Visual Studio 15
VisualStudioVersion = 15.0.28307.106
MinimumVisualStudioVersion = 10.0.40219.1
Project("{FAE04EC0-301F-11D3-BF4B-00C04F79EFBC}") = "Calculator", "Calculator\Calculator.csproj", "{CD0766DE-0C75-46CF-B098-0912DAAEEBC6}"
EndProject
Project("{FAE04EC0-301F-11D3-BF4B-00C04F79EFBC}") = "CalculatorUnitTest", "CalculatorUnitTest\CalculatorUnitTest.csproj", "{82E14462-FB21-4B14-A4D4-7C7D62807D08}"
EndProject
Global
	GlobalSection(SolutionConfigurationPlatforms) = preSolution
		Debug|Any CPU = Debug|Any CPU
		Release|Any CPU = Release|Any CPU
	EndGlobalSection
	GlobalSection(ProjectConfigurationPlatforms) = postSolution
		{CD0766DE-0C75-46CF-B098-0912DAAEEBC6}.Debug|Any CPU.ActiveCfg = Debug|Any CPU
		{CD0766DE-0C75-46CF-B098-0912DAAEEBC6}.Debug|Any CPU.Build.0 = Debug|Any CPU
		{CD0766DE-0C75-46CF-B098-0912DAAEEBC6}.Release|Any CPU.ActiveCfg = Release|Any CPU
		{CD0766DE-0C75-46CF-B098-0912DAAEEBC6}.Release|Any CPU.Build.0 = Release|Any CPU
		{82E14462-FB21-4B14-A4D4-7C7D62807D08}.Debug|Any CPU.ActiveCfg = Debug|Any CPU
		{82E14462-FB21-4B14-A4D4-7C7D62807D08}.Debug|Any CPU.Build.0 = Debug|Any CPU
		{82E14462-FB21-4B14-A4D4-7C7D62807D08}.Release|Any CPU.ActiveCfg = Release|Any CPU
		{82E14462-FB21-4B14-A4D4-7C7D62807D08}.Release|Any CPU.Build.0 = Release|Any CPU
	EndGlobalSection
	GlobalSection(SolutionProperties) = preSolution
		HideSolutionNode = FALSE
	EndGlobalSection
	GlobalSection(ExtensibilityGlobals) = postSolution
		SolutionGuid = {9949DCF2-FA6A-46A1-A7B0-6D4DB053D304}
	EndGlobalSection
EndGlobal
